
Microsoft Visual Studio Solution File, Format Version 12.00
# Visual Studio Version 16
VisualStudioVersion = 16.0.30717.126
MinimumVisualStudioVersion = 10.0.40219.1
Project("{8BC9CEB8-8B4A-11D0-8D11-00A0C91BC942}") = "SimpleAddition", "SimpleAddition\SimpleAddition.vcxproj", "{FE80BB36-D28A-4B64-B436-BFFD122B7647}"
EndProject
Project("{8BC9CEB8-8B4A-11D0-8D11-00A0C91BC942}") = "backward_compability_registers", "backward_compability_registers\backward_compability_registers.vcxproj", "{EE514255-E4F2-4EDD-9D58-5982E6EE9542}"
EndProject
Project("{8BC9CEB8-8B4A-11D0-8D11-00A0C91BC942}") = "declaring_variables", "declaring_variables\declaring_variables.vcxproj", "{CEBFDDE3-1AC8-47A1-8531-8B9787308534}"
EndProject
Project("{8BC9CEB8-8B4A-11D0-8D11-00A0C91BC942}") = "array_reverser", "array_reverser\array_reverser.vcxproj", "{67BE4753-2D8E-40D1-B9DF-C4288628A550}"
EndProject
Project("{8BC9CEB8-8B4A-11D0-8D11-00A0C91BC942}") = "array_sum", "array_sum\array_sum.vcxproj", "{B35B0874-4906-4160-8AE9-E56DC21FA854}"
EndProject
Project("{8BC9CEB8-8B4A-11D0-8D11-00A0C91BC942}") = "data_scan", "data_scan\data_scan.vcxproj", "{EB9EEB94-4F4D-4C78-AD3C-AE524500E32E}"
EndProject
Project("{8BC9CEB8-8B4A-11D0-8D11-00A0C91BC942}") = "pointers_and_typedef", "pointers_and_typedef\pointers_and_typedef.vcxproj", "{FE72CA28-1D9B-4946-B53E-B777639F3B5A}"
EndProject
Project("{8BC9CEB8-8B4A-11D0-8D11-00A0C91BC942}") = "calculate_sum", "calculate_sum\calculate_sum.vcxproj", "{E05663E9-F944-4081-9252-2940DAD8F448}"
EndProject
Project("{8BC9CEB8-8B4A-11D0-8D11-00A0C91BC942}") = "signed_div_mul", "signed_div_mul\signed_div_mul.vcxproj", "{47F79F6E-81FD-47A0-BD52-6E0B0711F2E9}"
EndProject
Project("{8BC9CEB8-8B4A-11D0-8D11-00A0C91BC942}") = "cpp_calling_conventions", "cpp_calling_conventions\cpp_calling_conventions.vcxproj", "{2248A624-B9BF-42C3-BA7A-CF370FF26E27}"
EndProject
Project("{8BC9CEB8-8B4A-11D0-8D11-00A0C91BC942}") = "memory_addressing", "memory_addressing\memory_addressing.vcxproj", "{F93E9D75-707A-4093-B6C8-103C1F9A81B6}"
EndProject
Project("{8BC9CEB8-8B4A-11D0-8D11-00A0C91BC942}") = "integer_exploration", "integer_exploration\integer_exploration.vcxproj", "{F467E57A-EBAD-4B32-A869-4F513B3A9A45}"
EndProject
Global
	GlobalSection(SolutionConfigurationPlatforms) = preSolution
		Debug|x64 = Debug|x64
		Debug|x86 = Debug|x86
		Release|x64 = Release|x64
		Release|x86 = Release|x86
	EndGlobalSection
	GlobalSection(ProjectConfigurationPlatforms) = postSolution
		{FE80BB36-D28A-4B64-B436-BFFD122B7647}.Debug|x64.ActiveCfg = Debug|x64
		{FE80BB36-D28A-4B64-B436-BFFD122B7647}.Debug|x64.Build.0 = Debug|x64
		{FE80BB36-D28A-4B64-B436-BFFD122B7647}.Debug|x86.ActiveCfg = Debug|Win32
		{FE80BB36-D28A-4B64-B436-BFFD122B7647}.Debug|x86.Build.0 = Debug|Win32
		{FE80BB36-D28A-4B64-B436-BFFD122B7647}.Release|x64.ActiveCfg = Release|x64
		{FE80BB36-D28A-4B64-B436-BFFD122B7647}.Release|x64.Build.0 = Release|x64
		{FE80BB36-D28A-4B64-B436-BFFD122B7647}.Release|x86.ActiveCfg = Release|Win32
		{FE80BB36-D28A-4B64-B436-BFFD122B7647}.Release|x86.Build.0 = Release|Win32
		{EE514255-E4F2-4EDD-9D58-5982E6EE9542}.Debug|x64.ActiveCfg = Debug|x64
		{EE514255-E4F2-4EDD-9D58-5982E6EE9542}.Debug|x64.Build.0 = Debug|x64
		{EE514255-E4F2-4EDD-9D58-5982E6EE9542}.Debug|x86.ActiveCfg = Debug|Win32
		{EE514255-E4F2-4EDD-9D58-5982E6EE9542}.Debug|x86.Build.0 = Debug|Win32
		{EE514255-E4F2-4EDD-9D58-5982E6EE9542}.Release|x64.ActiveCfg = Release|x64
		{EE514255-E4F2-4EDD-9D58-5982E6EE9542}.Release|x64.Build.0 = Release|x64
		{EE514255-E4F2-4EDD-9D58-5982E6EE9542}.Release|x86.ActiveCfg = Release|Win32
		{EE514255-E4F2-4EDD-9D58-5982E6EE9542}.Release|x86.Build.0 = Release|Win32
		{CEBFDDE3-1AC8-47A1-8531-8B9787308534}.Debug|x64.ActiveCfg = Debug|x64
		{CEBFDDE3-1AC8-47A1-8531-8B9787308534}.Debug|x64.Build.0 = Debug|x64
		{CEBFDDE3-1AC8-47A1-8531-8B9787308534}.Debug|x86.ActiveCfg = Debug|Win32
		{CEBFDDE3-1AC8-47A1-8531-8B9787308534}.Debug|x86.Build.0 = Debug|Win32
		{CEBFDDE3-1AC8-47A1-8531-8B9787308534}.Release|x64.ActiveCfg = Release|x64
		{CEBFDDE3-1AC8-47A1-8531-8B9787308534}.Release|x64.Build.0 = Release|x64
		{CEBFDDE3-1AC8-47A1-8531-8B9787308534}.Release|x86.ActiveCfg = Release|Win32
		{CEBFDDE3-1AC8-47A1-8531-8B9787308534}.Release|x86.Build.0 = Release|Win32
		{67BE4753-2D8E-40D1-B9DF-C4288628A550}.Debug|x64.ActiveCfg = Debug|x64
		{67BE4753-2D8E-40D1-B9DF-C4288628A550}.Debug|x64.Build.0 = Debug|x64
		{67BE4753-2D8E-40D1-B9DF-C4288628A550}.Debug|x86.ActiveCfg = Debug|Win32
		{67BE4753-2D8E-40D1-B9DF-C4288628A550}.Debug|x86.Build.0 = Debug|Win32
		{67BE4753-2D8E-40D1-B9DF-C4288628A550}.Release|x64.ActiveCfg = Release|x64
		{67BE4753-2D8E-40D1-B9DF-C4288628A550}.Release|x64.Build.0 = Release|x64
		{67BE4753-2D8E-40D1-B9DF-C4288628A550}.Release|x86.ActiveCfg = Release|Win32
		{67BE4753-2D8E-40D1-B9DF-C4288628A550}.Release|x86.Build.0 = Release|Win32
		{B35B0874-4906-4160-8AE9-E56DC21FA854}.Debug|x64.ActiveCfg = Debug|x64
		{B35B0874-4906-4160-8AE9-E56DC21FA854}.Debug|x64.Build.0 = Debug|x64
		{B35B0874-4906-4160-8AE9-E56DC21FA854}.Debug|x86.ActiveCfg = Debug|Win32
		{B35B0874-4906-4160-8AE9-E56DC21FA854}.Debug|x86.Build.0 = Debug|Win32
		{B35B0874-4906-4160-8AE9-E56DC21FA854}.Release|x64.ActiveCfg = Release|x64
		{B35B0874-4906-4160-8AE9-E56DC21FA854}.Release|x64.Build.0 = Release|x64
		{B35B0874-4906-4160-8AE9-E56DC21FA854}.Release|x86.ActiveCfg = Release|Win32
		{B35B0874-4906-4160-8AE9-E56DC21FA854}.Release|x86.Build.0 = Release|Win32
		{EB9EEB94-4F4D-4C78-AD3C-AE524500E32E}.Debug|x64.ActiveCfg = Debug|x64
		{EB9EEB94-4F4D-4C78-AD3C-AE524500E32E}.Debug|x64.Build.0 = Debug|x64
		{EB9EEB94-4F4D-4C78-AD3C-AE524500E32E}.Debug|x86.ActiveCfg = Debug|Win32
		{EB9EEB94-4F4D-4C78-AD3C-AE524500E32E}.Debug|x86.Build.0 = Debug|Win32
		{EB9EEB94-4F4D-4C78-AD3C-AE524500E32E}.Release|x64.ActiveCfg = Release|x64
		{EB9EEB94-4F4D-4C78-AD3C-AE524500E32E}.Release|x64.Build.0 = Release|x64
		{EB9EEB94-4F4D-4C78-AD3C-AE524500E32E}.Release|x86.ActiveCfg = Release|Win32
		{EB9EEB94-4F4D-4C78-AD3C-AE524500E32E}.Release|x86.Build.0 = Release|Win32
		{FE72CA28-1D9B-4946-B53E-B777639F3B5A}.Debug|x64.ActiveCfg = Debug|x64
		{FE72CA28-1D9B-4946-B53E-B777639F3B5A}.Debug|x64.Build.0 = Debug|x64
		{FE72CA28-1D9B-4946-B53E-B777639F3B5A}.Debug|x86.ActiveCfg = Debug|Win32
		{FE72CA28-1D9B-4946-B53E-B777639F3B5A}.Debug|x86.Build.0 = Debug|Win32
		{FE72CA28-1D9B-4946-B53E-B777639F3B5A}.Release|x64.ActiveCfg = Release|x64
		{FE72CA28-1D9B-4946-B53E-B777639F3B5A}.Release|x64.Build.0 = Release|x64
		{FE72CA28-1D9B-4946-B53E-B777639F3B5A}.Release|x86.ActiveCfg = Release|Win32
		{FE72CA28-1D9B-4946-B53E-B777639F3B5A}.Release|x86.Build.0 = Release|Win32
		{E05663E9-F944-4081-9252-2940DAD8F448}.Debug|x64.ActiveCfg = Debug|x64
		{E05663E9-F944-4081-9252-2940DAD8F448}.Debug|x64.Build.0 = Debug|x64
		{E05663E9-F944-4081-9252-2940DAD8F448}.Debug|x86.ActiveCfg = Debug|Win32
		{E05663E9-F944-4081-9252-2940DAD8F448}.Debug|x86.Build.0 = Debug|Win32
		{E05663E9-F944-4081-9252-2940DAD8F448}.Release|x64.ActiveCfg = Release|x64
		{E05663E9-F944-4081-9252-2940DAD8F448}.Release|x64.Build.0 = Release|x64
		{E05663E9-F944-4081-9252-2940DAD8F448}.Release|x86.ActiveCfg = Release|Win32
		{E05663E9-F944-4081-9252-2940DAD8F448}.Release|x86.Build.0 = Release|Win32
		{47F79F6E-81FD-47A0-BD52-6E0B0711F2E9}.Debug|x64.ActiveCfg = Debug|x64
		{47F79F6E-81FD-47A0-BD52-6E0B0711F2E9}.Debug|x64.Build.0 = Debug|x64
		{47F79F6E-81FD-47A0-BD52-6E0B0711F2E9}.Debug|x86.ActiveCfg = Debug|Win32
		{47F79F6E-81FD-47A0-BD52-6E0B0711F2E9}.Debug|x86.Build.0 = Debug|Win32
		{47F79F6E-81FD-47A0-BD52-6E0B0711F2E9}.Release|x64.ActiveCfg = Release|x64
		{47F79F6E-81FD-47A0-BD52-6E0B0711F2E9}.Release|x64.Build.0 = Release|x64
		{47F79F6E-81FD-47A0-BD52-6E0B0711F2E9}.Release|x86.ActiveCfg = Release|Win32
		{47F79F6E-81FD-47A0-BD52-6E0B0711F2E9}.Release|x86.Build.0 = Release|Win32
		{2248A624-B9BF-42C3-BA7A-CF370FF26E27}.Debug|x64.ActiveCfg = Debug|x64
		{2248A624-B9BF-42C3-BA7A-CF370FF26E27}.Debug|x64.Build.0 = Debug|x64
		{2248A624-B9BF-42C3-BA7A-CF370FF26E27}.Debug|x86.ActiveCfg = Debug|Win32
		{2248A624-B9BF-42C3-BA7A-CF370FF26E27}.Debug|x86.Build.0 = Debug|Win32
		{2248A624-B9BF-42C3-BA7A-CF370FF26E27}.Release|x64.ActiveCfg = Release|x64
		{2248A624-B9BF-42C3-BA7A-CF370FF26E27}.Release|x64.Build.0 = Release|x64
		{2248A624-B9BF-42C3-BA7A-CF370FF26E27}.Release|x86.ActiveCfg = Release|Win32
		{2248A624-B9BF-42C3-BA7A-CF370FF26E27}.Release|x86.Build.0 = Release|Win32
		{F93E9D75-707A-4093-B6C8-103C1F9A81B6}.Debug|x64.ActiveCfg = Debug|x64
		{F93E9D75-707A-4093-B6C8-103C1F9A81B6}.Debug|x64.Build.0 = Debug|x64
		{F93E9D75-707A-4093-B6C8-103C1F9A81B6}.Debug|x86.ActiveCfg = Debug|Win32
		{F93E9D75-707A-4093-B6C8-103C1F9A81B6}.Debug|x86.Build.0 = Debug|Win32
		{F93E9D75-707A-4093-B6C8-103C1F9A81B6}.Release|x64.ActiveCfg = Release|x64
		{F93E9D75-707A-4093-B6C8-103C1F9A81B6}.Release|x64.Build.0 = Release|x64
		{F93E9D75-707A-4093-B6C8-103C1F9A81B6}.Release|x86.ActiveCfg = Release|Win32
		{F93E9D75-707A-4093-B6C8-103C1F9A81B6}.Release|x86.Build.0 = Release|Win32
		{F467E57A-EBAD-4B32-A869-4F513B3A9A45}.Debug|x64.ActiveCfg = Debug|x64
		{F467E57A-EBAD-4B32-A869-4F513B3A9A45}.Debug|x64.Build.0 = Debug|x64
		{F467E57A-EBAD-4B32-A869-4F513B3A9A45}.Debug|x86.ActiveCfg = Debug|Win32
		{F467E57A-EBAD-4B32-A869-4F513B3A9A45}.Debug|x86.Build.0 = Debug|Win32
		{F467E57A-EBAD-4B32-A869-4F513B3A9A45}.Release|x64.ActiveCfg = Release|x64
		{F467E57A-EBAD-4B32-A869-4F513B3A9A45}.Release|x64.Build.0 = Release|x64
		{F467E57A-EBAD-4B32-A869-4F513B3A9A45}.Release|x86.ActiveCfg = Release|Win32
		{F467E57A-EBAD-4B32-A869-4F513B3A9A45}.Release|x86.Build.0 = Release|Win32
	EndGlobalSection
	GlobalSection(SolutionProperties) = preSolution
		HideSolutionNode = FALSE
	EndGlobalSection
	GlobalSection(ExtensibilityGlobals) = postSolution
		SolutionGuid = {47E242E9-5D16-4552-B692-FB76A08CB473}
	EndGlobalSection
EndGlobal
